// !$*UTF8*$!
{
	archiveVersion = 1;
	classes = {
	};
	objectVersion = 46;
	objects = {

/* Begin PBXBuildFile section */
		D25756941DDB6B4B008D79E6 /* AppDelegate.m in Sources */ = {isa = PBXBuildFile; fileRef = D25756931DDB6B4B008D79E6 /* AppDelegate.m */; };
		D25756971DDB6B4B008D79E6 /* main.m in Sources */ = {isa = PBXBuildFile; fileRef = D25756961DDB6B4B008D79E6 /* main.m */; };
		D25756991DDB6B4B008D79E6 /* Assets.xcassets in Resources */ = {isa = PBXBuildFile; fileRef = D25756981DDB6B4B008D79E6 /* Assets.xcassets */; };
		D257569C1DDB6B4B008D79E6 /* MainMenu.xib in Resources */ = {isa = PBXBuildFile; fileRef = D257569A1DDB6B4B008D79E6 /* MainMenu.xib */; };
/* End PBXBuildFile section */

/* Begin PBXFileReference section */
		D257568F1DDB6B4B008D79E6 /* IWColorPicker.app */ = {isa = PBXFileReference; explicitFileType = wrapper.application; includeInIndex = 0; path = IWColorPicker.app; sourceTree = BUILT_PRODUCTS_DIR; };
		D25756921DDB6B4B008D79E6 /* AppDelegate.h */ = {isa = PBXFileReference; lastKnownFileType = sourcecode.c.h; path = AppDelegate.h; sourceTree = "<group>"; };
		D25756931DDB6B4B008D79E6 /* AppDelegate.m */ = {isa = PBXFileReference; lastKnownFileType = sourcecode.c.objc; path = AppDelegate.m; sourceTree = "<group>"; };
		D25756961DDB6B4B008D79E6 /* main.m */ = {isa = PBXFileReference; lastKnownFileType = sourcecode.c.objc; path = main.m; sourceTree = "<group>"; };
		D25756981DDB6B4B008D79E6 /* Assets.xcassets */ = {isa = PBXFileReference; lastKnownFileType = folder.assetcatalog; path = Assets.xcassets; sourceTree = "<group>"; };
		D257569B1DDB6B4B008D79E6 /* Base */ = {isa = PBXFileReference; lastKnownFileType = file.xib; name = Base; path = Base.lproj/MainMenu.xib; sourceTree = "<group>"; };
		D257569D1DDB6B4B008D79E6 /* Info.plist */ = {isa = PBXFileReference; lastKnownFileType = text.plist.xml; path = Info.plist; sourceTree = "<group>"; };
/* End PBXFileReference section */

/* Begin PBXFrameworksBuildPhase section */
		D257568C1DDB6B4B008D79E6 /* Frameworks */ = {
			isa = PBXFrameworksBuildPhase;
			buildActionMask = 2147483647;
			files = (
			);
			runOnlyForDeploymentPostprocessing = 0;
		};
/* End PBXFrameworksBuildPhase section */

/* Begin PBXGroup section */
		D25756861DDB6B4B008D79E6 = {
			isa = PBXGroup;
			children = (
				D25756911DDB6B4B008D79E6 /* IWColorPicker */,
				D25756901DDB6B4B008D79E6 /* Products */,
			);
			sourceTree = "<group>";
		};
		D25756901DDB6B4B008D79E6 /* Products */ = {
			isa = PBXGroup;
			children = (
				D257568F1DDB6B4B008D79E6 /* IWColorPicker.app */,
			);
			name = Products;
			sourceTree = "<group>";
		};
		D25756911DDB6B4B008D79E6 /* IWColorPicker */ = {
			isa = PBXGroup;
			children = (
				D25756921DDB6B4B008D79E6 /* AppDelegate.h */,
				D25756931DDB6B4B008D79E6 /* AppDelegate.m */,
				D25756981DDB6B4B008D79E6 /* Assets.xcassets */,
				D257569A1DDB6B4B008D79E6 /* MainMenu.xib */,
				D257569D1DDB6B4B008D79E6 /* Info.plist */,
				D25756951DDB6B4B008D79E6 /* Supporting Files */,
			);
			path = IWColorPicker;
			sourceTree = "<group>";
		};
		D25756951DDB6B4B008D79E6 /* Supporting Files */ = {
			isa = PBXGroup;
			children = (
				D25756961DDB6B4B008D79E6 /* main.m */,
			);
			name = "Supporting Files";
			sourceTree = "<group>";
		};
/* End PBXGroup section */

/* Begin PBXNativeTarget section */
		D257568E1DDB6B4B008D79E6 /* IWColorPicker */ = {
			isa = PBXNativeTarget;
			buildConfigurationList = D25756A01DDB6B4B008D79E6 /* Build configuration list for PBXNativeTarget "IWColorPicker" */;
			buildPhases = (
				D257568B1DDB6B4B008D79E6 /* Sources */,
				D257568C1DDB6B4B008D79E6 /* Frameworks */,
				D257568D1DDB6B4B008D79E6 /* Resources */,
			);
			buildRules = (
			);
			dependencies = (
			);
			name = IWColorPicker;
			productName = IWColorPicker;
			productReference = D257568F1DDB6B4B008D79E6 /* IWColorPicker.app */;
			productType = "com.apple.product-type.application";
		};
/* End PBXNativeTarget section */

/* Begin PBXProject section */
		D25756871DDB6B4B008D79E6 /* Project object */ = {
			isa = PBXProject;
			attributes = {
				LastUpgradeCheck = 0800;
				ORGANIZATIONNAME = "Marek Hrusovsky";
				TargetAttributes = {
					D257568E1DDB6B4B008D79E6 = {
						CreatedOnToolsVersion = 8.0;
						DevelopmentTeam = BXQ2LHBD6T;
						ProvisioningStyle = Automatic;
					};
				};
			};
			buildConfigurationList = D257568A1DDB6B4B008D79E6 /* Build configuration list for PBXProject "IWColorPicker" */;
			compatibilityVersion = "Xcode 3.2";
			developmentRegion = English;
			hasScannedForEncodings = 0;
			knownRegions = (
				en,
				Base,
			);
			mainGroup = D25756861DDB6B4B008D79E6;
			productRefGroup = D25756901DDB6B4B008D79E6 /* Products */;
			projectDirPath = "";
			projectRoot = "";
			targets = (
				D257568E1DDB6B4B008D79E6 /* IWColorPicker */,
			);
		};
/* End PBXProject section */

/* Begin PBXResourcesBuildPhase section */
		D257568D1DDB6B4B008D79E6 /* Resources */ = {
			isa = PBXResourcesBuildPhase;
			buildActionMask = 2147483647;
			files = (
				D25756991DDB6B4B008D79E6 /* Assets.xcassets in Resources */,
				D257569C1DDB6B4B008D79E6 /* MainMenu.xib in Resources */,
			);
			runOnlyForDeploymentPostprocessing = 0;
		};
/* End PBXResourcesBuildPhase section */

/* Begin PBXSourcesBuildPhase section */
		D257568B1DDB6B4B008D79E6 /* Sources */ = {
			isa = PBXSourcesBuildPhase;
			buildActionMask = 2147483647;
			files = (
				D25756971DDB6B4B008D79E6 /* main.m in Sources */,
				D25756941DDB6B4B008D79E6 /* AppDelegate.m in Sources */,
			);
			runOnlyForDeploymentPostprocessing = 0;
		};
/* End PBXSourcesBuildPhase section */

/* Begin PBXVariantGroup section */
		D257569A1DDB6B4B008D79E6 /* MainMenu.xib */ = {
			isa = PBXVariantGroup;
			children = (
				D257569B1DDB6B4B008D79E6 /* Base */,
			);
			name = MainMenu.xib;
			sourceTree = "<group>";
		};
/* End PBXVariantGroup section */

/* Begin XCBuildConfiguration section */
		D257569E1DDB6B4B008D79E6 /* Debug */ = {
			isa = XCBuildConfiguration;
			buildSettings = {
				ALWAYS_SEARCH_USER_PATHS = NO;
				CLANG_ANALYZER_NONNULL = YES;
				CLANG_CXX_LANGUAGE_STANDARD = "gnu++0x";
				CLANG_CXX_LIBRARY = "libc++";
				CLANG_ENABLE_MODULES = YES;
				CLANG_ENABLE_OBJC_ARC = YES;
				CLANG_WARN_BOOL_CONVERSION = YES;
				CLANG_WARN_CONSTANT_CONVERSION = YES;
				CLANG_WARN_DIRECT_OBJC_ISA_USAGE = YES_ERROR;
				CLANG_WARN_DOCUMENTATION_COMMENTS = YES;
				CLANG_WARN_EMPTY_BODY = YES;
				CLANG_WARN_ENUM_CONVERSION = YES;
				CLANG_WARN_INFINITE_RECURSION = YES;
				CLANG_WARN_INT_CONVERSION = YES;
				CLANG_WARN_OBJC_ROOT_CLASS = YES_ERROR;
				CLANG_WARN_SUSPICIOUS_MOVES = YES;
				CLANG_WARN_UNREACHABLE_CODE = YES;
				CLANG_WARN__DUPLICATE_METHOD_MATCH = YES;
				CODE_SIGN_IDENTITY = "-";
				COPY_PHASE_STRIP = NO;
				DEBUG_INFORMATION_FORMAT = dwarf;
				ENABLE_STRICT_OBJC_MSGSEND = YES;
				ENABLE_TESTABILITY = YES;
				GCC_C_LANGUAGE_STANDARD = gnu99;
				GCC_DYNAMIC_NO_PIC = NO;
				GCC_NO_COMMON_BLOCKS = YES;
				GCC_OPTIMIZATION_LEVEL = 0;
				GCC_PREPROCESSOR_DEFINITIONS = (
					"DEBUG=1",
					"$(inherited)",
				);
				GCC_WARN_64_TO_32_BIT_CONVERSION = YES;
				GCC_WARN_ABOUT_RETURN_TYPE = YES_ERROR;
				GCC_WARN_UNDECLARED_SELECTOR = YES;
				GCC_WARN_UNINITIALIZED_AUTOS = YES_AGGRESSIVE;
				GCC_WARN_UNUSED_FUNCTION = YES;
				GCC_WARN_UNUSED_VARIABLE = YES;
				MACOSX_DEPLOYMENT_TARGET = 10.11;
				MTL_ENABLE_DEBUG_INFO = YES;
				ONLY_ACTIVE_ARCH = YES;
				SDKROOT = macosx;
			};
			name = Debug;
		};
		D257569F1DDB6B4B008D79E6 /* Release */ = {
			isa = XCBuildConfiguration;
			buildSettings = {
				ALWAYS_SEARCH_USER_PATHS = NO;
				CLANG_ANALYZER_NONNULL = YES;
				CLANG_CXX_LANGUAGE_STANDARD = "gnu++0x";
				CLANG_CXX_LIBRARY = "libc++";
				CLANG_ENABLE_MODULES = YES;
				CLANG_ENABLE_OBJC_ARC = YES;
				CLANG_WARN_BOOL_CONVERSION = YES;
				CLANG_WARN_CONSTANT_CONVERSION = YES;
				CLANG_WARN_DIRECT_OBJC_ISA_USAGE = YES_ERROR;
				CLANG_WARN_DOCUMENTATION_COMMENTS = YES;
				CLANG_WARN_EMPTY_BODY = YES;
				CLANG_WARN_ENUM_CONVERSION = YES;
				CLANG_WARN_INFINITE_RECURSION = YES;
				CLANG_WARN_INT_CONVERSION = YES;
				CLANG_WARN_OBJC_ROOT_CLASS = YES_ERROR;
				CLANG_WARN_SUSPICIOUS_MOVES = YES;
				CLANG_WARN_UNREACHABLE_CODE = YES;
				CLANG_WARN__DUPLICATE_METHOD_MATCH = YES;
				CODE_SIGN_IDENTITY = "-";
				COPY_PHASE_STRIP = NO;
				DEBUG_INFORMATION_FORMAT = "dwarf-with-dsym";
				ENABLE_NS_ASSERTIONS = NO;
				ENABLE_STRICT_OBJC_MSGSEND = YES;
				GCC_C_LANGUAGE_STANDARD = gnu99;
				GCC_NO_COMMON_BLOCKS = YES;
				GCC_WARN_64_TO_32_BIT_CONVERSION = YES;
				GCC_WARN_ABOUT_RETURN_TYPE = YES_ERROR;
				GCC_WARN_UNDECLARED_SELECTOR = YES;
				GCC_WARN_UNINITIALIZED_AUTOS = YES_AGGRESSIVE;
				GCC_WARN_UNUSED_FUNCTION = YES;
				GCC_WARN_UNUSED_VARIABLE = YES;
				MACOSX_DEPLOYMENT_TARGET = 10.11;
				MTL_ENABLE_DEBUG_INFO = NO;
				SDKROOT = macosx;
			};
			name = Release;
		};
		D25756A11DDB6B4B008D79E6 /* Debug */ = {
			isa = XCBuildConfiguration;
			buildSettings = {
				ASSETCATALOG_COMPILER_APPICON_NAME = AppIcon;
				COMBINE_HIDPI_IMAGES = YES;
				DEVELOPMENT_TEAM = BXQ2LHBD6T;
				INFOPLIST_FILE = IWColorPicker/Info.plist;
				LD_RUNPATH_SEARCH_PATHS = "$(inherited) @executable_path/../Frameworks";
				PRODUCT_BUNDLE_IDENTIFIER = com.hrubasko.IWColorPicker;
				PRODUCT_NAME = "$(TARGET_NAME)";
			};
			name = Debug;
		};
		D25756A21DDB6B4B008D79E6 /* Release */ = {
			isa = XCBuildConfiguration;
			buildSettings = {
				ASSETCATALOG_COMPILER_APPICON_NAME = AppIcon;
				COMBINE_HIDPI_IMAGES = YES;
				DEVELOPMENT_TEAM = BXQ2LHBD6T;
				INFOPLIST_FILE = IWColorPicker/Info.plist;
				LD_RUNPATH_SEARCH_PATHS = "$(inherited) @executable_path/../Frameworks";
				PRODUCT_BUNDLE_IDENTIFIER = com.hrubasko.IWColorPicker;
				PRODUCT_NAME = "$(TARGET_NAME)";
			};
			name = Release;
		};
/* End XCBuildConfiguration section */

/* Begin XCConfigurationList section */
		D257568A1DDB6B4B008D79E6 /* Build configuration list for PBXProject "IWColorPicker" */ = {
			isa = XCConfigurationList;
			buildConfigurations = (
				D257569E1DDB6B4B008D79E6 /* Debug */,
				D257569F1DDB6B4B008D79E6 /* Release */,
			);
			defaultConfigurationIsVisible = 0;
			defaultConfigurationName = Release;
		};
		D25756A01DDB6B4B008D79E6 /* Build configuration list for PBXNativeTarget "IWColorPicker" */ = {
			isa = XCConfigurationList;
			buildConfigurations = (
				D25756A11DDB6B4B008D79E6 /* Debug */,
				D25756A21DDB6B4B008D79E6 /* Release */,
			);
			defaultConfigurationIsVisible = 0;
		};
/* End XCConfigurationList section */
	};
	rootObject = D25756871DDB6B4B008D79E6 /* Project object */;
}
